
Microsoft Visual Studio Solution File, Format Version 12.00
# Visual Studio Version 17
VisualStudioVersion = 17.1.32210.238
MinimumVisualStudioVersion = 10.0.40219.1
Project("{FAE04EC0-301F-11D3-BF4B-00C04F79EFBC}") = "ConsoleUI", "ConsoleUI\ConsoleUI.csproj", "{6370A02C-42AC-45AD-86EB-77A4DCED3E6E}"
EndProject
Global
	GlobalSection(SolutionConfigurationPlatforms) = preSolution
		Debug|Any CPU = Debug|Any CPU
		Release|Any CPU = Release|Any CPU
	EndGlobalSection
	GlobalSection(ProjectConfigurationPlatforms) = postSolution
		{6370A02C-42AC-45AD-86EB-77A4DCED3E6E}.Debug|Any CPU.ActiveCfg = Debug|Any CPU
		{6370A02C-42AC-45AD-86EB-77A4DCED3E6E}.Debug|Any CPU.Build.0 = Debug|Any CPU
		{6370A02C-42AC-45AD-86EB-77A4DCED3E6E}.Release|Any CPU.ActiveCfg = Release|Any CPU
		{6370A02C-42AC-45AD-86EB-77A4DCED3E6E}.Release|Any CPU.Build.0 = Release|Any CPU
	EndGlobalSection
	GlobalSection(SolutionProperties) = preSolution
		HideSolutionNode = FALSE
	EndGlobalSection
	GlobalSection(ExtensibilityGlobals) = postSolution
		SolutionGuid = {307822CC-0508-4A86-A8C0-6D0CC69B5919}
	EndGlobalSection
EndGlobal
